// !$*UTF8*$!
{
	archiveVersion = 1;
	classes = {
	};
	objectVersion = 46;
	objects = {

/* Begin PBXBuildFile section */
		2E3B90B11543A97C00CFCDA0 /* BSProgressView.m in Sources */ = {isa = PBXBuildFile; fileRef = 2E3B90B01543A97C00CFCDA0 /* BSProgressView.m */; };
		2E3B90BC1543B39800CFCDA0 /* heart_icon.png in Resources */ = {isa = PBXBuildFile; fileRef = 2E3B90BB1543B39800CFCDA0 /* heart_icon.png */; };
		2E3F33F01543F2E2003C1432 /* add_button.png in Resources */ = {isa = PBXBuildFile; fileRef = 2E3F33EF1543F2E2003C1432 /* add_button.png */; };
		2E3F33F51543F500003C1432 /* drums_icon.jpeg in Resources */ = {isa = PBXBuildFile; fileRef = 2E3F33F21543F500003C1432 /* drums_icon.jpeg */; };
		2E3F33F61543F500003C1432 /* heart_icon.png in Resources */ = {isa = PBXBuildFile; fileRef = 2E3F33F31543F500003C1432 /* heart_icon.png */; };
		2E3F33F71543F500003C1432 /* note_icon.jpeg in Resources */ = {isa = PBXBuildFile; fileRef = 2E3F33F41543F500003C1432 /* note_icon.jpeg */; };
		2E3F33FA1543FB01003C1432 /* ChannelPickerView.m in Sources */ = {isa = PBXBuildFile; fileRef = 2E3F33F91543FB01003C1432 /* ChannelPickerView.m */; };
		2EB64D4E15441C5800496A66 /* hide_viz_image.png in Resources */ = {isa = PBXBuildFile; fileRef = 2EB64D4C15441C5800496A66 /* hide_viz_image.png */; };
		2EB64D4F15441C5800496A66 /* show_viz_image.png in Resources */ = {isa = PBXBuildFile; fileRef = 2EB64D4D15441C5800496A66 /* show_viz_image.png */; };
		2EB64D53154424C500496A66 /* VisualizationHostView.m in Sources */ = {isa = PBXBuildFile; fileRef = 2EB64D52154424C500496A66 /* VisualizationHostView.m */; };
		2ED5C2BE1544687F00F835D1 /* beatsalad-background.png in Resources */ = {isa = PBXBuildFile; fileRef = 2ED5C2B11544687F00F835D1 /* beatsalad-background.png */; };
		2ED5C2BF1544687F00F835D1 /* add_button.png in Resources */ = {isa = PBXBuildFile; fileRef = 2ED5C2B21544687F00F835D1 /* add_button.png */; };
		2ED5C2C01544687F00F835D1 /* play_button.png in Resources */ = {isa = PBXBuildFile; fileRef = 2ED5C2B31544687F00F835D1 /* play_button.png */; };
		2ED5C2C11544687F00F835D1 /* pause_button.png in Resources */ = {isa = PBXBuildFile; fileRef = 2ED5C2B41544687F00F835D1 /* pause_button.png */; };
		2ED5C2C21544687F00F835D1 /* close_button.png in Resources */ = {isa = PBXBuildFile; fileRef = 2ED5C2B51544687F00F835D1 /* close_button.png */; };
		2ED5C2C31544687F00F835D1 /* percussion.png in Resources */ = {isa = PBXBuildFile; fileRef = 2ED5C2B61544687F00F835D1 /* percussion.png */; };
		2ED5C2C41544687F00F835D1 /* bass.png in Resources */ = {isa = PBXBuildFile; fileRef = 2ED5C2B71544687F00F835D1 /* bass.png */; };
		2ED5C2C51544687F00F835D1 /* melody.png in Resources */ = {isa = PBXBuildFile; fileRef = 2ED5C2B81544687F00F835D1 /* melody.png */; };
		2ED5C2C61544687F00F835D1 /* hide_viz_image.png in Resources */ = {isa = PBXBuildFile; fileRef = 2ED5C2B91544687F00F835D1 /* hide_viz_image.png */; };
		2ED5C2C71544687F00F835D1 /* show_viz_image.png in Resources */ = {isa = PBXBuildFile; fileRef = 2ED5C2BA1544687F00F835D1 /* show_viz_image.png */; };
		2ED5C2C81544687F00F835D1 /* drums_icon.jpeg in Resources */ = {isa = PBXBuildFile; fileRef = 2ED5C2BB1544687F00F835D1 /* drums_icon.jpeg */; };
		2ED5C2C91544687F00F835D1 /* note_icon.jpeg in Resources */ = {isa = PBXBuildFile; fileRef = 2ED5C2BC1544687F00F835D1 /* note_icon.jpeg */; };
		2ED5C2CA1544687F00F835D1 /* heart_icon.png in Resources */ = {isa = PBXBuildFile; fileRef = 2ED5C2BD1544687F00F835D1 /* heart_icon.png */; };
		2ED5C2CC1544689B00F835D1 /* Default.png in Resources */ = {isa = PBXBuildFile; fileRef = 2ED5C2CB1544689B00F835D1 /* Default.png */; };
		2ED5C2CF154468F000F835D1 /* SplashViewController.m in Sources */ = {isa = PBXBuildFile; fileRef = 2ED5C2CE154468F000F835D1 /* SplashViewController.m */; };
		2ED5C2D1154472ED00F835D1 /* current_tracks.png in Resources */ = {isa = PBXBuildFile; fileRef = 2ED5C2D0154472ED00F835D1 /* current_tracks.png */; };
		2ED5C2D41544778800F835D1 /* side-bar.png in Resources */ = {isa = PBXBuildFile; fileRef = 2ED5C2D31544778800F835D1 /* side-bar.png */; };
		2ED5C2D61544794200F835D1 /* beatsalad-title.png in Resources */ = {isa = PBXBuildFile; fileRef = 2ED5C2D51544794200F835D1 /* beatsalad-title.png */; };
		2ED5C2D815447AE900F835D1 /* beatsalad-title-vert.png in Resources */ = {isa = PBXBuildFile; fileRef = 2ED5C2D715447AE900F835D1 /* beatsalad-title-vert.png */; };
		2EDA41C71543164A001A8F16 /* AVFoundation.framework in Frameworks */ = {isa = PBXBuildFile; fileRef = 2EDA41C61543164A001A8F16 /* AVFoundation.framework */; };
		2EDA41CB154316CA001A8F16 /* VideoCaptureViewController.m in Sources */ = {isa = PBXBuildFile; fileRef = 2EDA41CA154316CA001A8F16 /* VideoCaptureViewController.m */; };
		2EDA41CE15431F55001A8F16 /* CoreVideo.framework in Frameworks */ = {isa = PBXBuildFile; fileRef = 2EDA41CD15431F55001A8F16 /* CoreVideo.framework */; };
		2EDA41D015431F6F001A8F16 /* CoreMedia.framework in Frameworks */ = {isa = PBXBuildFile; fileRef = 2EDA41CF15431F6F001A8F16 /* CoreMedia.framework */; };
		2EDA41D215431FAC001A8F16 /* QuartzCore.framework in Frameworks */ = {isa = PBXBuildFile; fileRef = 2EDA41D115431FAC001A8F16 /* QuartzCore.framework */; };
		2EDA41D81543421B001A8F16 /* BSPixel.c in Sources */ = {isa = PBXBuildFile; fileRef = 2EDA41D71543421B001A8F16 /* BSPixel.c */; };
		2EDA41E01543487F001A8F16 /* CaptureSummary.m in Sources */ = {isa = PBXBuildFile; fileRef = 2EDA41DF1543487F001A8F16 /* CaptureSummary.m */; };
		2EDA41E315435375001A8F16 /* TrackManager.m in Sources */ = {isa = PBXBuildFile; fileRef = 2EDA41E215435375001A8F16 /* TrackManager.m */; };
		2EDD8BB41543140D00EE32D7 /* UIKit.framework in Frameworks */ = {isa = PBXBuildFile; fileRef = 2EDD8BB31543140D00EE32D7 /* UIKit.framework */; };
		2EDD8BB61543140D00EE32D7 /* Foundation.framework in Frameworks */ = {isa = PBXBuildFile; fileRef = 2EDD8BB51543140D00EE32D7 /* Foundation.framework */; };
		2EDD8BB81543140D00EE32D7 /* CoreGraphics.framework in Frameworks */ = {isa = PBXBuildFile; fileRef = 2EDD8BB71543140D00EE32D7 /* CoreGraphics.framework */; };
		2EDD8BBE1543140D00EE32D7 /* InfoPlist.strings in Resources */ = {isa = PBXBuildFile; fileRef = 2EDD8BBC1543140D00EE32D7 /* InfoPlist.strings */; };
		2EDD8BC01543140D00EE32D7 /* main.m in Sources */ = {isa = PBXBuildFile; fileRef = 2EDD8BBF1543140D00EE32D7 /* main.m */; };
		2EDD8BC41543140D00EE32D7 /* AppDelegate.m in Sources */ = {isa = PBXBuildFile; fileRef = 2EDD8BC31543140D00EE32D7 /* AppDelegate.m */; };
		2EDD8BC71543140D00EE32D7 /* MainStoryboard_iPhone.storyboard in Resources */ = {isa = PBXBuildFile; fileRef = 2EDD8BC51543140D00EE32D7 /* MainStoryboard_iPhone.storyboard */; };
		2EDD8BCA1543140D00EE32D7 /* MainStoryboard_iPad.storyboard in Resources */ = {isa = PBXBuildFile; fileRef = 2EDD8BC81543140D00EE32D7 /* MainStoryboard_iPad.storyboard */; };
		2EDD8BCD1543140D00EE32D7 /* ViewController.m in Sources */ = {isa = PBXBuildFile; fileRef = 2EDD8BCC1543140D00EE32D7 /* ViewController.m */; };
		3B357AFA15443EB3006E18BE /* melody_000.txt in Resources */ = {isa = PBXBuildFile; fileRef = 3B357AF215443EB2006E18BE /* melody_000.txt */; };
		3B357AFB15443EB3006E18BE /* melody_001.txt in Resources */ = {isa = PBXBuildFile; fileRef = 3B357AF315443EB2006E18BE /* melody_001.txt */; };
		3B357AFC15443EB3006E18BE /* melody_010.txt in Resources */ = {isa = PBXBuildFile; fileRef = 3B357AF415443EB2006E18BE /* melody_010.txt */; };
		3B357AFD15443EB3006E18BE /* melody_011.txt in Resources */ = {isa = PBXBuildFile; fileRef = 3B357AF515443EB2006E18BE /* melody_011.txt */; };
		3B357AFE15443EB3006E18BE /* melody_100.txt in Resources */ = {isa = PBXBuildFile; fileRef = 3B357AF615443EB2006E18BE /* melody_100.txt */; };
		3B357AFF15443EB3006E18BE /* melody_101.txt in Resources */ = {isa = PBXBuildFile; fileRef = 3B357AF715443EB2006E18BE /* melody_101.txt */; };
		3B357B0015443EB3006E18BE /* melody_110.txt in Resources */ = {isa = PBXBuildFile; fileRef = 3B357AF815443EB2006E18BE /* melody_110.txt */; };
		3B357B0115443EB3006E18BE /* melody_111.txt in Resources */ = {isa = PBXBuildFile; fileRef = 3B357AF915443EB2006E18BE /* melody_111.txt */; };
		3B75FFDF15432A940078635B /* VisualizationViewController.m in Sources */ = {isa = PBXBuildFile; fileRef = 3B75FFDD15432A940078635B /* VisualizationViewController.m */; };
		3B75FFE015432A940078635B /* VisualizationViewController.xib in Resources */ = {isa = PBXBuildFile; fileRef = 3B75FFDE15432A940078635B /* VisualizationViewController.xib */; };
		3B75FFE415432E9B0078635B /* Track.m in Sources */ = {isa = PBXBuildFile; fileRef = 3B75FFE315432E9B0078635B /* Track.m */; };
		3B75FFEB15433E3C0078635B /* VisualizationView.m in Sources */ = {isa = PBXBuildFile; fileRef = 3B75FFEA15433E3C0078635B /* VisualizationView.m */; };
		3B75FFFE1543631A0078635B /* AudioManager.m in Sources */ = {isa = PBXBuildFile; fileRef = 3B75FFFD1543631A0078635B /* AudioManager.m */; };
		3BA5D28215445E0300497DD2 /* bass_001.txt in Resources */ = {isa = PBXBuildFile; fileRef = 3BA5D27F15445E0300497DD2 /* bass_001.txt */; };
		3BA5D28315445E0300497DD2 /* bass_010.txt in Resources */ = {isa = PBXBuildFile; fileRef = 3BA5D28015445E0300497DD2 /* bass_010.txt */; };
		3BA5D28415445E0300497DD2 /* bass_100.txt in Resources */ = {isa = PBXBuildFile; fileRef = 3BA5D28115445E0300497DD2 /* bass_100.txt */; };
		3BDCC13E1543F924005C9DC4 /* bass_001.wav in Resources */ = {isa = PBXBuildFile; fileRef = 3BDCC12A1543F924005C9DC4 /* bass_001.wav */; };
		3BDCC13F1543F924005C9DC4 /* bass_010.wav in Resources */ = {isa = PBXBuildFile; fileRef = 3BDCC12B1543F924005C9DC4 /* bass_010.wav */; };
		3BDCC1401543F924005C9DC4 /* bass_100.wav in Resources */ = {isa = PBXBuildFile; fileRef = 3BDCC12C1543F924005C9DC4 /* bass_100.wav */; };
		3BDCC1411543F924005C9DC4 /* melody_000.wav in Resources */ = {isa = PBXBuildFile; fileRef = 3BDCC12D1543F924005C9DC4 /* melody_000.wav */; };
		3BDCC1421543F924005C9DC4 /* melody_001.wav in Resources */ = {isa = PBXBuildFile; fileRef = 3BDCC12E1543F924005C9DC4 /* melody_001.wav */; };
		3BDCC1431543F924005C9DC4 /* melody_010.wav in Resources */ = {isa = PBXBuildFile; fileRef = 3BDCC12F1543F924005C9DC4 /* melody_010.wav */; };
		3BDCC1441543F924005C9DC4 /* melody_011.wav in Resources */ = {isa = PBXBuildFile; fileRef = 3BDCC1301543F924005C9DC4 /* melody_011.wav */; };
		3BDCC1451543F924005C9DC4 /* melody_100.wav in Resources */ = {isa = PBXBuildFile; fileRef = 3BDCC1311543F924005C9DC4 /* melody_100.wav */; };
		3BDCC1461543F924005C9DC4 /* melody_101.wav in Resources */ = {isa = PBXBuildFile; fileRef = 3BDCC1321543F924005C9DC4 /* melody_101.wav */; };
		3BDCC1471543F924005C9DC4 /* melody_110.wav in Resources */ = {isa = PBXBuildFile; fileRef = 3BDCC1331543F924005C9DC4 /* melody_110.wav */; };
		3BDCC1481543F924005C9DC4 /* melody_111.wav in Resources */ = {isa = PBXBuildFile; fileRef = 3BDCC1341543F924005C9DC4 /* melody_111.wav */; };
		3BDCC1491543F924005C9DC4 /* percussion_000.wav in Resources */ = {isa = PBXBuildFile; fileRef = 3BDCC1351543F924005C9DC4 /* percussion_000.wav */; };
		3BDCC14A1543F924005C9DC4 /* percussion_001.wav in Resources */ = {isa = PBXBuildFile; fileRef = 3BDCC1361543F924005C9DC4 /* percussion_001.wav */; };
		3BDCC14B1543F924005C9DC4 /* percussion_010.wav in Resources */ = {isa = PBXBuildFile; fileRef = 3BDCC1371543F924005C9DC4 /* percussion_010.wav */; };
		3BDCC14C1543F924005C9DC4 /* percussion_011.wav in Resources */ = {isa = PBXBuildFile; fileRef = 3BDCC1381543F924005C9DC4 /* percussion_011.wav */; };
		3BDCC14D1543F924005C9DC4 /* percussion_100.caf in Resources */ = {isa = PBXBuildFile; fileRef = 3BDCC1391543F924005C9DC4 /* percussion_100.caf */; };
		3BDCC14E1543F924005C9DC4 /* percussion_100.wav in Resources */ = {isa = PBXBuildFile; fileRef = 3BDCC13A1543F924005C9DC4 /* percussion_100.wav */; };
		3BDCC14F1543F924005C9DC4 /* percussion_101.wav in Resources */ = {isa = PBXBuildFile; fileRef = 3BDCC13B1543F924005C9DC4 /* percussion_101.wav */; };
		3BDCC1501543F924005C9DC4 /* percussion_110.wav in Resources */ = {isa = PBXBuildFile; fileRef = 3BDCC13C1543F924005C9DC4 /* percussion_110.wav */; };
		3BDCC1511543F924005C9DC4 /* percussion_111.wav in Resources */ = {isa = PBXBuildFile; fileRef = 3BDCC13D1543F924005C9DC4 /* percussion_111.wav */; };
		3BDCC16015441C6E005C9DC4 /* percussion_000.txt in Resources */ = {isa = PBXBuildFile; fileRef = 3BDCC15815441C6E005C9DC4 /* percussion_000.txt */; };
		3BDCC16115441C6E005C9DC4 /* percussion_001.txt in Resources */ = {isa = PBXBuildFile; fileRef = 3BDCC15915441C6E005C9DC4 /* percussion_001.txt */; };
		3BDCC16215441C6E005C9DC4 /* percussion_010.txt in Resources */ = {isa = PBXBuildFile; fileRef = 3BDCC15A15441C6E005C9DC4 /* percussion_010.txt */; };
		3BDCC16315441C6E005C9DC4 /* percussion_011.txt in Resources */ = {isa = PBXBuildFile; fileRef = 3BDCC15B15441C6E005C9DC4 /* percussion_011.txt */; };
		3BDCC16415441C6E005C9DC4 /* percussion_100.txt in Resources */ = {isa = PBXBuildFile; fileRef = 3BDCC15C15441C6E005C9DC4 /* percussion_100.txt */; };
		3BDCC16515441C6E005C9DC4 /* percussion_101.txt in Resources */ = {isa = PBXBuildFile; fileRef = 3BDCC15D15441C6E005C9DC4 /* percussion_101.txt */; };
		3BDCC16615441C6E005C9DC4 /* percussion_110.txt in Resources */ = {isa = PBXBuildFile; fileRef = 3BDCC15E15441C6E005C9DC4 /* percussion_110.txt */; };
		3BDCC16715441C6E005C9DC4 /* percussion_111.txt in Resources */ = {isa = PBXBuildFile; fileRef = 3BDCC15F15441C6E005C9DC4 /* percussion_111.txt */; };
/* End PBXBuildFile section */

/* Begin PBXFileReference section */
		2E3B90AF1543A97C00CFCDA0 /* BSProgressView.h */ = {isa = PBXFileReference; fileEncoding = 4; lastKnownFileType = sourcecode.c.h; path = BSProgressView.h; sourceTree = "<group>"; };
		2E3B90B01543A97C00CFCDA0 /* BSProgressView.m */ = {isa = PBXFileReference; fileEncoding = 4; lastKnownFileType = sourcecode.c.objc; lineEnding = 0; path = BSProgressView.m; sourceTree = "<group>"; xcLanguageSpecificationIdentifier = xcode.lang.objc; };
		2E3B90BB1543B39800CFCDA0 /* heart_icon.png */ = {isa = PBXFileReference; lastKnownFileType = image.png; path = heart_icon.png; sourceTree = "<group>"; };
		2E3F33EF1543F2E2003C1432 /* add_button.png */ = {isa = PBXFileReference; lastKnownFileType = image.png; path = add_button.png; sourceTree = "<group>"; };
		2E3F33F21543F500003C1432 /* drums_icon.jpeg */ = {isa = PBXFileReference; lastKnownFileType = image.jpeg; path = drums_icon.jpeg; sourceTree = "<group>"; };
		2E3F33F31543F500003C1432 /* heart_icon.png */ = {isa = PBXFileReference; lastKnownFileType = image.png; path = heart_icon.png; sourceTree = "<group>"; };
		2E3F33F41543F500003C1432 /* note_icon.jpeg */ = {isa = PBXFileReference; lastKnownFileType = image.jpeg; path = note_icon.jpeg; sourceTree = "<group>"; };
		2E3F33F81543FB01003C1432 /* ChannelPickerView.h */ = {isa = PBXFileReference; fileEncoding = 4; lastKnownFileType = sourcecode.c.h; path = ChannelPickerView.h; sourceTree = "<group>"; };
		2E3F33F91543FB01003C1432 /* ChannelPickerView.m */ = {isa = PBXFileReference; fileEncoding = 4; lastKnownFileType = sourcecode.c.objc; lineEnding = 0; path = ChannelPickerView.m; sourceTree = "<group>"; xcLanguageSpecificationIdentifier = xcode.lang.objc; };
		2EB64D4C15441C5800496A66 /* hide_viz_image.png */ = {isa = PBXFileReference; lastKnownFileType = image.png; path = hide_viz_image.png; sourceTree = "<group>"; };
		2EB64D4D15441C5800496A66 /* show_viz_image.png */ = {isa = PBXFileReference; lastKnownFileType = image.png; path = show_viz_image.png; sourceTree = "<group>"; };
		2EB64D51154424C500496A66 /* VisualizationHostView.h */ = {isa = PBXFileReference; fileEncoding = 4; lastKnownFileType = sourcecode.c.h; path = VisualizationHostView.h; sourceTree = "<group>"; };
		2EB64D52154424C500496A66 /* VisualizationHostView.m */ = {isa = PBXFileReference; fileEncoding = 4; lastKnownFileType = sourcecode.c.objc; path = VisualizationHostView.m; sourceTree = "<group>"; };
		2ED5C2B11544687F00F835D1 /* beatsalad-background.png */ = {isa = PBXFileReference; lastKnownFileType = image.png; path = "beatsalad-background.png"; sourceTree = "<group>"; };
		2ED5C2B21544687F00F835D1 /* add_button.png */ = {isa = PBXFileReference; lastKnownFileType = image.png; path = add_button.png; sourceTree = "<group>"; };
		2ED5C2B31544687F00F835D1 /* play_button.png */ = {isa = PBXFileReference; lastKnownFileType = image.png; path = play_button.png; sourceTree = "<group>"; };
		2ED5C2B41544687F00F835D1 /* pause_button.png */ = {isa = PBXFileReference; lastKnownFileType = image.png; path = pause_button.png; sourceTree = "<group>"; };
		2ED5C2B51544687F00F835D1 /* close_button.png */ = {isa = PBXFileReference; lastKnownFileType = image.png; path = close_button.png; sourceTree = "<group>"; };
		2ED5C2B61544687F00F835D1 /* percussion.png */ = {isa = PBXFileReference; lastKnownFileType = image.png; path = percussion.png; sourceTree = "<group>"; };
		2ED5C2B71544687F00F835D1 /* bass.png */ = {isa = PBXFileReference; lastKnownFileType = image.png; path = bass.png; sourceTree = "<group>"; };
		2ED5C2B81544687F00F835D1 /* melody.png */ = {isa = PBXFileReference; lastKnownFileType = image.png; path = melody.png; sourceTree = "<group>"; };
		2ED5C2B91544687F00F835D1 /* hide_viz_image.png */ = {isa = PBXFileReference; lastKnownFileType = image.png; path = hide_viz_image.png; sourceTree = "<group>"; };
		2ED5C2BA1544687F00F835D1 /* show_viz_image.png */ = {isa = PBXFileReference; lastKnownFileType = image.png; path = show_viz_image.png; sourceTree = "<group>"; };
		2ED5C2BB1544687F00F835D1 /* drums_icon.jpeg */ = {isa = PBXFileReference; lastKnownFileType = image.jpeg; path = drums_icon.jpeg; sourceTree = "<group>"; };
		2ED5C2BC1544687F00F835D1 /* note_icon.jpeg */ = {isa = PBXFileReference; lastKnownFileType = image.jpeg; path = note_icon.jpeg; sourceTree = "<group>"; };
		2ED5C2BD1544687F00F835D1 /* heart_icon.png */ = {isa = PBXFileReference; lastKnownFileType = image.png; path = heart_icon.png; sourceTree = "<group>"; };
		2ED5C2CB1544689B00F835D1 /* Default.png */ = {isa = PBXFileReference; lastKnownFileType = image.png; path = Default.png; sourceTree = "<group>"; };
		2ED5C2CD154468F000F835D1 /* SplashViewController.h */ = {isa = PBXFileReference; fileEncoding = 4; lastKnownFileType = sourcecode.c.h; path = SplashViewController.h; sourceTree = "<group>"; };
		2ED5C2CE154468F000F835D1 /* SplashViewController.m */ = {isa = PBXFileReference; fileEncoding = 4; lastKnownFileType = sourcecode.c.objc; path = SplashViewController.m; sourceTree = "<group>"; };
		2ED5C2D0154472ED00F835D1 /* current_tracks.png */ = {isa = PBXFileReference; lastKnownFileType = image.png; path = current_tracks.png; sourceTree = "<group>"; };
		2ED5C2D31544778800F835D1 /* side-bar.png */ = {isa = PBXFileReference; lastKnownFileType = image.png; path = "side-bar.png"; sourceTree = "<group>"; };
		2ED5C2D51544794200F835D1 /* beatsalad-title.png */ = {isa = PBXFileReference; lastKnownFileType = image.png; path = "beatsalad-title.png"; sourceTree = "<group>"; };
		2ED5C2D715447AE900F835D1 /* beatsalad-title-vert.png */ = {isa = PBXFileReference; lastKnownFileType = image.png; path = "beatsalad-title-vert.png"; sourceTree = "<group>"; };
		2EDA41C61543164A001A8F16 /* AVFoundation.framework */ = {isa = PBXFileReference; lastKnownFileType = wrapper.framework; name = AVFoundation.framework; path = System/Library/Frameworks/AVFoundation.framework; sourceTree = SDKROOT; };
		2EDA41C9154316CA001A8F16 /* VideoCaptureViewController.h */ = {isa = PBXFileReference; fileEncoding = 4; lastKnownFileType = sourcecode.c.h; path = VideoCaptureViewController.h; sourceTree = "<group>"; };
		2EDA41CA154316CA001A8F16 /* VideoCaptureViewController.m */ = {isa = PBXFileReference; fileEncoding = 4; lastKnownFileType = sourcecode.c.objc; lineEnding = 0; path = VideoCaptureViewController.m; sourceTree = "<group>"; xcLanguageSpecificationIdentifier = xcode.lang.objc; };
		2EDA41CD15431F55001A8F16 /* CoreVideo.framework */ = {isa = PBXFileReference; lastKnownFileType = wrapper.framework; name = CoreVideo.framework; path = System/Library/Frameworks/CoreVideo.framework; sourceTree = SDKROOT; };
		2EDA41CF15431F6F001A8F16 /* CoreMedia.framework */ = {isa = PBXFileReference; lastKnownFileType = wrapper.framework; name = CoreMedia.framework; path = System/Library/Frameworks/CoreMedia.framework; sourceTree = SDKROOT; };
		2EDA41D115431FAC001A8F16 /* QuartzCore.framework */ = {isa = PBXFileReference; lastKnownFileType = wrapper.framework; name = QuartzCore.framework; path = System/Library/Frameworks/QuartzCore.framework; sourceTree = SDKROOT; };
		2EDA41D71543421B001A8F16 /* BSPixel.c */ = {isa = PBXFileReference; fileEncoding = 4; lastKnownFileType = sourcecode.c.c; path = BSPixel.c; sourceTree = "<group>"; };
		2EDA41DA15434230001A8F16 /* BSPixel.h */ = {isa = PBXFileReference; fileEncoding = 4; lastKnownFileType = sourcecode.c.h; path = BSPixel.h; sourceTree = "<group>"; };
		2EDA41DE1543487F001A8F16 /* CaptureSummary.h */ = {isa = PBXFileReference; fileEncoding = 4; lastKnownFileType = sourcecode.c.h; path = CaptureSummary.h; sourceTree = "<group>"; };
		2EDA41DF1543487F001A8F16 /* CaptureSummary.m */ = {isa = PBXFileReference; fileEncoding = 4; lastKnownFileType = sourcecode.c.objc; path = CaptureSummary.m; sourceTree = "<group>"; };
		2EDA41E115435375001A8F16 /* TrackManager.h */ = {isa = PBXFileReference; fileEncoding = 4; lastKnownFileType = sourcecode.c.h; path = TrackManager.h; sourceTree = "<group>"; };
		2EDA41E215435375001A8F16 /* TrackManager.m */ = {isa = PBXFileReference; fileEncoding = 4; lastKnownFileType = sourcecode.c.objc; path = TrackManager.m; sourceTree = "<group>"; };
		2EDD8BAF1543140D00EE32D7 /* beatsalad.app */ = {isa = PBXFileReference; explicitFileType = wrapper.application; includeInIndex = 0; path = beatsalad.app; sourceTree = BUILT_PRODUCTS_DIR; };
		2EDD8BB31543140D00EE32D7 /* UIKit.framework */ = {isa = PBXFileReference; lastKnownFileType = wrapper.framework; name = UIKit.framework; path = System/Library/Frameworks/UIKit.framework; sourceTree = SDKROOT; };
		2EDD8BB51543140D00EE32D7 /* Foundation.framework */ = {isa = PBXFileReference; lastKnownFileType = wrapper.framework; name = Foundation.framework; path = System/Library/Frameworks/Foundation.framework; sourceTree = SDKROOT; };
		2EDD8BB71543140D00EE32D7 /* CoreGraphics.framework */ = {isa = PBXFileReference; lastKnownFileType = wrapper.framework; name = CoreGraphics.framework; path = System/Library/Frameworks/CoreGraphics.framework; sourceTree = SDKROOT; };
		2EDD8BBB1543140D00EE32D7 /* beatsalad-Info.plist */ = {isa = PBXFileReference; lastKnownFileType = text.plist.xml; path = "beatsalad-Info.plist"; sourceTree = "<group>"; };
		2EDD8BBD1543140D00EE32D7 /* en */ = {isa = PBXFileReference; lastKnownFileType = text.plist.strings; name = en; path = en.lproj/InfoPlist.strings; sourceTree = "<group>"; };
		2EDD8BBF1543140D00EE32D7 /* main.m */ = {isa = PBXFileReference; lastKnownFileType = sourcecode.c.objc; path = main.m; sourceTree = "<group>"; };
		2EDD8BC11543140D00EE32D7 /* beatsalad-Prefix.pch */ = {isa = PBXFileReference; lastKnownFileType = sourcecode.c.h; path = "beatsalad-Prefix.pch"; sourceTree = "<group>"; };
		2EDD8BC21543140D00EE32D7 /* AppDelegate.h */ = {isa = PBXFileReference; lastKnownFileType = sourcecode.c.h; path = AppDelegate.h; sourceTree = "<group>"; };
		2EDD8BC31543140D00EE32D7 /* AppDelegate.m */ = {isa = PBXFileReference; lastKnownFileType = sourcecode.c.objc; path = AppDelegate.m; sourceTree = "<group>"; };
		2EDD8BC61543140D00EE32D7 /* en */ = {isa = PBXFileReference; lastKnownFileType = file.storyboard; name = en; path = en.lproj/MainStoryboard_iPhone.storyboard; sourceTree = "<group>"; };
		2EDD8BC91543140D00EE32D7 /* en */ = {isa = PBXFileReference; lastKnownFileType = file.storyboard; name = en; path = en.lproj/MainStoryboard_iPad.storyboard; sourceTree = "<group>"; };
		2EDD8BCB1543140D00EE32D7 /* ViewController.h */ = {isa = PBXFileReference; lastKnownFileType = sourcecode.c.h; path = ViewController.h; sourceTree = "<group>"; };
		2EDD8BCC1543140D00EE32D7 /* ViewController.m */ = {isa = PBXFileReference; lastKnownFileType = sourcecode.c.objc; path = ViewController.m; sourceTree = "<group>"; };
		3B357AF215443EB2006E18BE /* melody_000.txt */ = {isa = PBXFileReference; fileEncoding = 4; lastKnownFileType = text; path = melody_000.txt; sourceTree = "<group>"; };
		3B357AF315443EB2006E18BE /* melody_001.txt */ = {isa = PBXFileReference; fileEncoding = 4; lastKnownFileType = text; path = melody_001.txt; sourceTree = "<group>"; };
		3B357AF415443EB2006E18BE /* melody_010.txt */ = {isa = PBXFileReference; fileEncoding = 4; lastKnownFileType = text; path = melody_010.txt; sourceTree = "<group>"; };
		3B357AF515443EB2006E18BE /* melody_011.txt */ = {isa = PBXFileReference; fileEncoding = 4; lastKnownFileType = text; path = melody_011.txt; sourceTree = "<group>"; };
		3B357AF615443EB2006E18BE /* melody_100.txt */ = {isa = PBXFileReference; fileEncoding = 4; lastKnownFileType = text; path = melody_100.txt; sourceTree = "<group>"; };
		3B357AF715443EB2006E18BE /* melody_101.txt */ = {isa = PBXFileReference; fileEncoding = 4; lastKnownFileType = text; path = melody_101.txt; sourceTree = "<group>"; };
		3B357AF815443EB2006E18BE /* melody_110.txt */ = {isa = PBXFileReference; fileEncoding = 4; lastKnownFileType = text; path = melody_110.txt; sourceTree = "<group>"; };
		3B357AF915443EB2006E18BE /* melody_111.txt */ = {isa = PBXFileReference; fileEncoding = 4; lastKnownFileType = text; path = melody_111.txt; sourceTree = "<group>"; };
		3B75FFDC15432A940078635B /* VisualizationViewController.h */ = {isa = PBXFileReference; fileEncoding = 4; lastKnownFileType = sourcecode.c.h; path = VisualizationViewController.h; sourceTree = "<group>"; };
		3B75FFDD15432A940078635B /* VisualizationViewController.m */ = {isa = PBXFileReference; fileEncoding = 4; lastKnownFileType = sourcecode.c.objc; path = VisualizationViewController.m; sourceTree = "<group>"; };
		3B75FFDE15432A940078635B /* VisualizationViewController.xib */ = {isa = PBXFileReference; fileEncoding = 4; lastKnownFileType = file.xib; path = VisualizationViewController.xib; sourceTree = "<group>"; };
		3B75FFE215432E9B0078635B /* Track.h */ = {isa = PBXFileReference; fileEncoding = 4; lastKnownFileType = sourcecode.c.h; path = Track.h; sourceTree = "<group>"; };
		3B75FFE315432E9B0078635B /* Track.m */ = {isa = PBXFileReference; fileEncoding = 4; lastKnownFileType = sourcecode.c.objc; path = Track.m; sourceTree = "<group>"; };
		3B75FFE915433E3C0078635B /* VisualizationView.h */ = {isa = PBXFileReference; fileEncoding = 4; lastKnownFileType = sourcecode.c.h; path = VisualizationView.h; sourceTree = "<group>"; };
		3B75FFEA15433E3C0078635B /* VisualizationView.m */ = {isa = PBXFileReference; fileEncoding = 4; lastKnownFileType = sourcecode.c.objc; path = VisualizationView.m; sourceTree = "<group>"; };
		3B75FFFC1543631A0078635B /* AudioManager.h */ = {isa = PBXFileReference; fileEncoding = 4; lastKnownFileType = sourcecode.c.h; path = AudioManager.h; sourceTree = "<group>"; };
		3B75FFFD1543631A0078635B /* AudioManager.m */ = {isa = PBXFileReference; fileEncoding = 4; lastKnownFileType = sourcecode.c.objc; path = AudioManager.m; sourceTree = "<group>"; };
		3BA5D27F15445E0300497DD2 /* bass_001.txt */ = {isa = PBXFileReference; fileEncoding = 4; lastKnownFileType = text; path = bass_001.txt; sourceTree = "<group>"; };
		3BA5D28015445E0300497DD2 /* bass_010.txt */ = {isa = PBXFileReference; fileEncoding = 4; lastKnownFileType = text; path = bass_010.txt; sourceTree = "<group>"; };
		3BA5D28115445E0300497DD2 /* bass_100.txt */ = {isa = PBXFileReference; fileEncoding = 4; lastKnownFileType = text; path = bass_100.txt; sourceTree = "<group>"; };
		3BDCC12A1543F924005C9DC4 /* bass_001.wav */ = {isa = PBXFileReference; lastKnownFileType = audio.wav; path = bass_001.wav; sourceTree = "<group>"; };
		3BDCC12B1543F924005C9DC4 /* bass_010.wav */ = {isa = PBXFileReference; lastKnownFileType = audio.wav; path = bass_010.wav; sourceTree = "<group>"; };
		3BDCC12C1543F924005C9DC4 /* bass_100.wav */ = {isa = PBXFileReference; lastKnownFileType = audio.wav; path = bass_100.wav; sourceTree = "<group>"; };
		3BDCC12D1543F924005C9DC4 /* melody_000.wav */ = {isa = PBXFileReference; lastKnownFileType = audio.wav; path = melody_000.wav; sourceTree = "<group>"; };
		3BDCC12E1543F924005C9DC4 /* melody_001.wav */ = {isa = PBXFileReference; lastKnownFileType = audio.wav; path = melody_001.wav; sourceTree = "<group>"; };
		3BDCC12F1543F924005C9DC4 /* melody_010.wav */ = {isa = PBXFileReference; lastKnownFileType = audio.wav; path = melody_010.wav; sourceTree = "<group>"; };
		3BDCC1301543F924005C9DC4 /* melody_011.wav */ = {isa = PBXFileReference; lastKnownFileType = audio.wav; path = melody_011.wav; sourceTree = "<group>"; };
		3BDCC1311543F924005C9DC4 /* melody_100.wav */ = {isa = PBXFileReference; lastKnownFileType = audio.wav; path = melody_100.wav; sourceTree = "<group>"; };
		3BDCC1321543F924005C9DC4 /* melody_101.wav */ = {isa = PBXFileReference; lastKnownFileType = audio.wav; path = melody_101.wav; sourceTree = "<group>"; };
		3BDCC1331543F924005C9DC4 /* melody_110.wav */ = {isa = PBXFileReference; lastKnownFileType = audio.wav; path = melody_110.wav; sourceTree = "<group>"; };
		3BDCC1341543F924005C9DC4 /* melody_111.wav */ = {isa = PBXFileReference; lastKnownFileType = audio.wav; path = melody_111.wav; sourceTree = "<group>"; };
		3BDCC1351543F924005C9DC4 /* percussion_000.wav */ = {isa = PBXFileReference; lastKnownFileType = audio.wav; path = percussion_000.wav; sourceTree = "<group>"; };
		3BDCC1361543F924005C9DC4 /* percussion_001.wav */ = {isa = PBXFileReference; lastKnownFileType = audio.wav; path = percussion_001.wav; sourceTree = "<group>"; };
		3BDCC1371543F924005C9DC4 /* percussion_010.wav */ = {isa = PBXFileReference; lastKnownFileType = audio.wav; path = percussion_010.wav; sourceTree = "<group>"; };
		3BDCC1381543F924005C9DC4 /* percussion_011.wav */ = {isa = PBXFileReference; lastKnownFileType = audio.wav; path = percussion_011.wav; sourceTree = "<group>"; };
		3BDCC1391543F924005C9DC4 /* percussion_100.caf */ = {isa = PBXFileReference; lastKnownFileType = file; path = percussion_100.caf; sourceTree = "<group>"; };
		3BDCC13A1543F924005C9DC4 /* percussion_100.wav */ = {isa = PBXFileReference; lastKnownFileType = audio.wav; path = percussion_100.wav; sourceTree = "<group>"; };
		3BDCC13B1543F924005C9DC4 /* percussion_101.wav */ = {isa = PBXFileReference; lastKnownFileType = audio.wav; path = percussion_101.wav; sourceTree = "<group>"; };
		3BDCC13C1543F924005C9DC4 /* percussion_110.wav */ = {isa = PBXFileReference; lastKnownFileType = audio.wav; path = percussion_110.wav; sourceTree = "<group>"; };
		3BDCC13D1543F924005C9DC4 /* percussion_111.wav */ = {isa = PBXFileReference; lastKnownFileType = audio.wav; path = percussion_111.wav; sourceTree = "<group>"; };
		3BDCC15815441C6E005C9DC4 /* percussion_000.txt */ = {isa = PBXFileReference; fileEncoding = 4; lastKnownFileType = text; path = percussion_000.txt; sourceTree = "<group>"; };
		3BDCC15915441C6E005C9DC4 /* percussion_001.txt */ = {isa = PBXFileReference; fileEncoding = 4; lastKnownFileType = text; path = percussion_001.txt; sourceTree = "<group>"; };
		3BDCC15A15441C6E005C9DC4 /* percussion_010.txt */ = {isa = PBXFileReference; fileEncoding = 4; lastKnownFileType = text; path = percussion_010.txt; sourceTree = "<group>"; };
		3BDCC15B15441C6E005C9DC4 /* percussion_011.txt */ = {isa = PBXFileReference; fileEncoding = 4; lastKnownFileType = text; path = percussion_011.txt; sourceTree = "<group>"; };
		3BDCC15C15441C6E005C9DC4 /* percussion_100.txt */ = {isa = PBXFileReference; fileEncoding = 4; lastKnownFileType = text; path = percussion_100.txt; sourceTree = "<group>"; };
		3BDCC15D15441C6E005C9DC4 /* percussion_101.txt */ = {isa = PBXFileReference; fileEncoding = 4; lastKnownFileType = text; path = percussion_101.txt; sourceTree = "<group>"; };
		3BDCC15E15441C6E005C9DC4 /* percussion_110.txt */ = {isa = PBXFileReference; fileEncoding = 4; lastKnownFileType = text; path = percussion_110.txt; sourceTree = "<group>"; };
		3BDCC15F15441C6E005C9DC4 /* percussion_111.txt */ = {isa = PBXFileReference; fileEncoding = 4; lastKnownFileType = text; path = percussion_111.txt; sourceTree = "<group>"; };
/* End PBXFileReference section */

/* Begin PBXFrameworksBuildPhase section */
		2EDD8BAC1543140D00EE32D7 /* Frameworks */ = {
			isa = PBXFrameworksBuildPhase;
			buildActionMask = 2147483647;
			files = (
				2EDA41D215431FAC001A8F16 /* QuartzCore.framework in Frameworks */,
				2EDA41D015431F6F001A8F16 /* CoreMedia.framework in Frameworks */,
				2EDA41CE15431F55001A8F16 /* CoreVideo.framework in Frameworks */,
				2EDA41C71543164A001A8F16 /* AVFoundation.framework in Frameworks */,
				2EDD8BB41543140D00EE32D7 /* UIKit.framework in Frameworks */,
				2EDD8BB61543140D00EE32D7 /* Foundation.framework in Frameworks */,
				2EDD8BB81543140D00EE32D7 /* CoreGraphics.framework in Frameworks */,
			);
			runOnlyForDeploymentPostprocessing = 0;
		};
/* End PBXFrameworksBuildPhase section */

/* Begin PBXGroup section */
		2E3B90BA1543B39800CFCDA0 /* Images */ = {
			isa = PBXGroup;
			children = (
				2ED5C2D715447AE900F835D1 /* beatsalad-title-vert.png */,
				2ED5C2D51544794200F835D1 /* beatsalad-title.png */,
				2ED5C2D31544778800F835D1 /* side-bar.png */,
				2ED5C2D0154472ED00F835D1 /* current_tracks.png */,
				2E3F33F21543F500003C1432 /* drums_icon.jpeg */,
				2EB64D4C15441C5800496A66 /* hide_viz_image.png */,
				2ED5C2B11544687F00F835D1 /* beatsalad-background.png */,
				2ED5C2B21544687F00F835D1 /* add_button.png */,
				2ED5C2B31544687F00F835D1 /* play_button.png */,
				2ED5C2B41544687F00F835D1 /* pause_button.png */,
				2ED5C2B51544687F00F835D1 /* close_button.png */,
				2ED5C2B61544687F00F835D1 /* percussion.png */,
				2ED5C2B71544687F00F835D1 /* bass.png */,
				2ED5C2B81544687F00F835D1 /* melody.png */,
				2ED5C2B91544687F00F835D1 /* hide_viz_image.png */,
				2ED5C2BA1544687F00F835D1 /* show_viz_image.png */,
				2ED5C2BB1544687F00F835D1 /* drums_icon.jpeg */,
				2ED5C2BC1544687F00F835D1 /* note_icon.jpeg */,
				2ED5C2BD1544687F00F835D1 /* heart_icon.png */,
				2EB64D4D15441C5800496A66 /* show_viz_image.png */,
				2E3F33F31543F500003C1432 /* heart_icon.png */,
				2E3F33F41543F500003C1432 /* note_icon.jpeg */,
				2E3F33EF1543F2E2003C1432 /* add_button.png */,
				2E3B90BB1543B39800CFCDA0 /* heart_icon.png */,
			);
			name = Images;
			path = Resources/Images;
			sourceTree = SOURCE_ROOT;
		};
		2EDA41CC154316D3001A8F16 /* Video Capture */ = {
			isa = PBXGroup;
			children = (
				2EDA41C9154316CA001A8F16 /* VideoCaptureViewController.h */,
				2EDA41CA154316CA001A8F16 /* VideoCaptureViewController.m */,
				2EDA41DA15434230001A8F16 /* BSPixel.h */,
				2EDA41D71543421B001A8F16 /* BSPixel.c */,
				2EDA41DE1543487F001A8F16 /* CaptureSummary.h */,
				2EDA41DF1543487F001A8F16 /* CaptureSummary.m */,
				2E3B90AF1543A97C00CFCDA0 /* BSProgressView.h */,
				2E3B90B01543A97C00CFCDA0 /* BSProgressView.m */,
				2E3F33F81543FB01003C1432 /* ChannelPickerView.h */,
				2E3F33F91543FB01003C1432 /* ChannelPickerView.m */,
				2EB64D51154424C500496A66 /* VisualizationHostView.h */,
				2EB64D52154424C500496A66 /* VisualizationHostView.m */,
			);
			name = "Video Capture";
			sourceTree = "<group>";
		};
		2EDA41E415435379001A8F16 /* Track */ = {
			isa = PBXGroup;
			children = (
				2EDA41E115435375001A8F16 /* TrackManager.h */,
				2EDA41E215435375001A8F16 /* TrackManager.m */,
				3B75FFFC1543631A0078635B /* AudioManager.h */,
				3B75FFFD1543631A0078635B /* AudioManager.m */,
			);
			name = Track;
			sourceTree = "<group>";
		};
		2EDD8BA41543140D00EE32D7 = {
			isa = PBXGroup;
			children = (
				2ED5C2CB1544689B00F835D1 /* Default.png */,
				2EDA41D115431FAC001A8F16 /* QuartzCore.framework */,
				2EDD8BB91543140D00EE32D7 /* beatsalad */,
				2EDD8BB21543140D00EE32D7 /* Frameworks */,
				2EDD8BB01543140D00EE32D7 /* Products */,
			);
			sourceTree = "<group>";
		};
		2EDD8BB01543140D00EE32D7 /* Products */ = {
			isa = PBXGroup;
			children = (
				2EDD8BAF1543140D00EE32D7 /* beatsalad.app */,
			);
			name = Products;
			sourceTree = "<group>";
		};
		2EDD8BB21543140D00EE32D7 /* Frameworks */ = {
			isa = PBXGroup;
			children = (
				2EDA41CF15431F6F001A8F16 /* CoreMedia.framework */,
				2EDA41CD15431F55001A8F16 /* CoreVideo.framework */,
				2EDA41C61543164A001A8F16 /* AVFoundation.framework */,
				2EDD8BB31543140D00EE32D7 /* UIKit.framework */,
				2EDD8BB51543140D00EE32D7 /* Foundation.framework */,
				2EDD8BB71543140D00EE32D7 /* CoreGraphics.framework */,
			);
			name = Frameworks;
			sourceTree = "<group>";
		};
		2EDD8BB91543140D00EE32D7 /* beatsalad */ = {
			isa = PBXGroup;
			children = (
				2EDA41E415435379001A8F16 /* Track */,
				3B75FFE115432E8A0078635B /* Tracks */,
				3B75FFDA15432A6E0078635B /* Visualization */,
				2EDA41CC154316D3001A8F16 /* Video Capture */,
				2EDD8BC21543140D00EE32D7 /* AppDelegate.h */,
				2EDD8BC31543140D00EE32D7 /* AppDelegate.m */,
				2EDD8BC51543140D00EE32D7 /* MainStoryboard_iPhone.storyboard */,
				2EDD8BC81543140D00EE32D7 /* MainStoryboard_iPad.storyboard */,
				2EDD8BCB1543140D00EE32D7 /* ViewController.h */,
				2EDD8BCC1543140D00EE32D7 /* ViewController.m */,
				2EDD8BBA1543140D00EE32D7 /* Supporting Files */,
				2ED5C2CD154468F000F835D1 /* SplashViewController.h */,
				2ED5C2CE154468F000F835D1 /* SplashViewController.m */,
			);
			path = beatsalad;
			sourceTree = "<group>";
		};
		2EDD8BBA1543140D00EE32D7 /* Supporting Files */ = {
			isa = PBXGroup;
			children = (
				2E3B90BA1543B39800CFCDA0 /* Images */,
				3B75FFF415435BDD0078635B /* Music Files */,
				3BDCC15615441C5B005C9DC4 /* Beat Maps */,
				2EDD8BBB1543140D00EE32D7 /* beatsalad-Info.plist */,
				2EDD8BBC1543140D00EE32D7 /* InfoPlist.strings */,
				2EDD8BBF1543140D00EE32D7 /* main.m */,
				2EDD8BC11543140D00EE32D7 /* beatsalad-Prefix.pch */,
			);
			name = "Supporting Files";
			sourceTree = "<group>";
		};
		3B75FFDA15432A6E0078635B /* Visualization */ = {
			isa = PBXGroup;
			children = (
				3B75FFDC15432A940078635B /* VisualizationViewController.h */,
				3B75FFDD15432A940078635B /* VisualizationViewController.m */,
				3B75FFDE15432A940078635B /* VisualizationViewController.xib */,
				3B75FFE915433E3C0078635B /* VisualizationView.h */,
				3B75FFEA15433E3C0078635B /* VisualizationView.m */,
			);
			name = Visualization;
			sourceTree = "<group>";
		};
		3B75FFE115432E8A0078635B /* Tracks */ = {
			isa = PBXGroup;
			children = (
				3B75FFE215432E9B0078635B /* Track.h */,
				3B75FFE315432E9B0078635B /* Track.m */,
			);
			name = Tracks;
			sourceTree = "<group>";
		};
		3B75FFF415435BDD0078635B /* Music Files */ = {
			isa = PBXGroup;
			children = (
				3BDCC12A1543F924005C9DC4 /* bass_001.wav */,
				3BDCC12B1543F924005C9DC4 /* bass_010.wav */,
				3BDCC12C1543F924005C9DC4 /* bass_100.wav */,
				3BDCC12D1543F924005C9DC4 /* melody_000.wav */,
				3BDCC12E1543F924005C9DC4 /* melody_001.wav */,
				3BDCC12F1543F924005C9DC4 /* melody_010.wav */,
				3BDCC1301543F924005C9DC4 /* melody_011.wav */,
				3BDCC1311543F924005C9DC4 /* melody_100.wav */,
				3BDCC1321543F924005C9DC4 /* melody_101.wav */,
				3BDCC1331543F924005C9DC4 /* melody_110.wav */,
				3BDCC1341543F924005C9DC4 /* melody_111.wav */,
				3BDCC1351543F924005C9DC4 /* percussion_000.wav */,
				3BDCC1361543F924005C9DC4 /* percussion_001.wav */,
				3BDCC1371543F924005C9DC4 /* percussion_010.wav */,
				3BDCC1381543F924005C9DC4 /* percussion_011.wav */,
				3BDCC1391543F924005C9DC4 /* percussion_100.caf */,
				3BDCC13A1543F924005C9DC4 /* percussion_100.wav */,
				3BDCC13B1543F924005C9DC4 /* percussion_101.wav */,
				3BDCC13C1543F924005C9DC4 /* percussion_110.wav */,
				3BDCC13D1543F924005C9DC4 /* percussion_111.wav */,
			);
			name = "Music Files";
			sourceTree = "<group>";
		};
		3BDCC15615441C5B005C9DC4 /* Beat Maps */ = {
			isa = PBXGroup;
			children = (
				3BA5D27F15445E0300497DD2 /* bass_001.txt */,
				3BA5D28015445E0300497DD2 /* bass_010.txt */,
				3BA5D28115445E0300497DD2 /* bass_100.txt */,
				3B357AF215443EB2006E18BE /* melody_000.txt */,
				3B357AF315443EB2006E18BE /* melody_001.txt */,
				3B357AF415443EB2006E18BE /* melody_010.txt */,
				3B357AF515443EB2006E18BE /* melody_011.txt */,
				3B357AF615443EB2006E18BE /* melody_100.txt */,
				3B357AF715443EB2006E18BE /* melody_101.txt */,
				3B357AF815443EB2006E18BE /* melody_110.txt */,
				3B357AF915443EB2006E18BE /* melody_111.txt */,
				3BDCC15815441C6E005C9DC4 /* percussion_000.txt */,
				3BDCC15915441C6E005C9DC4 /* percussion_001.txt */,
				3BDCC15A15441C6E005C9DC4 /* percussion_010.txt */,
				3BDCC15B15441C6E005C9DC4 /* percussion_011.txt */,
				3BDCC15C15441C6E005C9DC4 /* percussion_100.txt */,
				3BDCC15D15441C6E005C9DC4 /* percussion_101.txt */,
				3BDCC15E15441C6E005C9DC4 /* percussion_110.txt */,
				3BDCC15F15441C6E005C9DC4 /* percussion_111.txt */,
			);
			name = "Beat Maps";
			sourceTree = "<group>";
		};
/* End PBXGroup section */

/* Begin PBXNativeTarget section */
		2EDD8BAE1543140D00EE32D7 /* beatsalad */ = {
			isa = PBXNativeTarget;
			buildConfigurationList = 2EDD8BD01543140D00EE32D7 /* Build configuration list for PBXNativeTarget "beatsalad" */;
			buildPhases = (
				2EDD8BAB1543140D00EE32D7 /* Sources */,
				2EDD8BAC1543140D00EE32D7 /* Frameworks */,
				2EDD8BAD1543140D00EE32D7 /* Resources */,
			);
			buildRules = (
			);
			dependencies = (
			);
			name = beatsalad;
			productName = beatsalad;
			productReference = 2EDD8BAF1543140D00EE32D7 /* beatsalad.app */;
			productType = "com.apple.product-type.application";
		};
/* End PBXNativeTarget section */

/* Begin PBXProject section */
		2EDD8BA61543140D00EE32D7 /* Project object */ = {
			isa = PBXProject;
			attributes = {
				LastUpgradeCheck = 0430;
				ORGANIZATIONNAME = "Burning Hollow Technologies";
			};
			buildConfigurationList = 2EDD8BA91543140D00EE32D7 /* Build configuration list for PBXProject "beatsalad" */;
			compatibilityVersion = "Xcode 3.2";
			developmentRegion = English;
			hasScannedForEncodings = 0;
			knownRegions = (
				en,
			);
			mainGroup = 2EDD8BA41543140D00EE32D7;
			productRefGroup = 2EDD8BB01543140D00EE32D7 /* Products */;
			projectDirPath = "";
			projectRoot = "";
			targets = (
				2EDD8BAE1543140D00EE32D7 /* beatsalad */,
			);
		};
/* End PBXProject section */

/* Begin PBXResourcesBuildPhase section */
		2EDD8BAD1543140D00EE32D7 /* Resources */ = {
			isa = PBXResourcesBuildPhase;
			buildActionMask = 2147483647;
			files = (
				2EDD8BBE1543140D00EE32D7 /* InfoPlist.strings in Resources */,
				2EDD8BC71543140D00EE32D7 /* MainStoryboard_iPhone.storyboard in Resources */,
				2EDD8BCA1543140D00EE32D7 /* MainStoryboard_iPad.storyboard in Resources */,
				3B75FFE015432A940078635B /* VisualizationViewController.xib in Resources */,
				2E3B90BC1543B39800CFCDA0 /* heart_icon.png in Resources */,
				2E3F33F01543F2E2003C1432 /* add_button.png in Resources */,
				2E3F33F51543F500003C1432 /* drums_icon.jpeg in Resources */,
				2E3F33F61543F500003C1432 /* heart_icon.png in Resources */,
				2E3F33F71543F500003C1432 /* note_icon.jpeg in Resources */,
				3BDCC13E1543F924005C9DC4 /* bass_001.wav in Resources */,
				3BDCC13F1543F924005C9DC4 /* bass_010.wav in Resources */,
				3BDCC1401543F924005C9DC4 /* bass_100.wav in Resources */,
				3BDCC1411543F924005C9DC4 /* melody_000.wav in Resources */,
				3BDCC1421543F924005C9DC4 /* melody_001.wav in Resources */,
				3BDCC1431543F924005C9DC4 /* melody_010.wav in Resources */,
				3BDCC1441543F924005C9DC4 /* melody_011.wav in Resources */,
				3BDCC1451543F924005C9DC4 /* melody_100.wav in Resources */,
				3BDCC1461543F924005C9DC4 /* melody_101.wav in Resources */,
				3BDCC1471543F924005C9DC4 /* melody_110.wav in Resources */,
				3BDCC1481543F924005C9DC4 /* melody_111.wav in Resources */,
				3BDCC1491543F924005C9DC4 /* percussion_000.wav in Resources */,
				3BDCC14A1543F924005C9DC4 /* percussion_001.wav in Resources */,
				3BDCC14B1543F924005C9DC4 /* percussion_010.wav in Resources */,
				3BDCC14C1543F924005C9DC4 /* percussion_011.wav in Resources */,
				3BDCC14D1543F924005C9DC4 /* percussion_100.caf in Resources */,
				3BDCC14E1543F924005C9DC4 /* percussion_100.wav in Resources */,
				3BDCC14F1543F924005C9DC4 /* percussion_101.wav in Resources */,
				3BDCC1501543F924005C9DC4 /* percussion_110.wav in Resources */,
				3BDCC1511543F924005C9DC4 /* percussion_111.wav in Resources */,
				2EB64D4E15441C5800496A66 /* hide_viz_image.png in Resources */,
				2EB64D4F15441C5800496A66 /* show_viz_image.png in Resources */,
				3BDCC16015441C6E005C9DC4 /* percussion_000.txt in Resources */,
				3BDCC16115441C6E005C9DC4 /* percussion_001.txt in Resources */,
				3BDCC16215441C6E005C9DC4 /* percussion_010.txt in Resources */,
				3BDCC16315441C6E005C9DC4 /* percussion_011.txt in Resources */,
				3BDCC16415441C6E005C9DC4 /* percussion_100.txt in Resources */,
				3BDCC16515441C6E005C9DC4 /* percussion_101.txt in Resources */,
				3BDCC16615441C6E005C9DC4 /* percussion_110.txt in Resources */,
				3BDCC16715441C6E005C9DC4 /* percussion_111.txt in Resources */,
				3B357AFA15443EB3006E18BE /* melody_000.txt in Resources */,
				3B357AFB15443EB3006E18BE /* melody_001.txt in Resources */,
				3B357AFC15443EB3006E18BE /* melody_010.txt in Resources */,
				3B357AFD15443EB3006E18BE /* melody_011.txt in Resources */,
				3B357AFE15443EB3006E18BE /* melody_100.txt in Resources */,
				3B357AFF15443EB3006E18BE /* melody_101.txt in Resources */,
				3B357B0015443EB3006E18BE /* melody_110.txt in Resources */,
				3B357B0115443EB3006E18BE /* melody_111.txt in Resources */,
				3BA5D28215445E0300497DD2 /* bass_001.txt in Resources */,
				3BA5D28315445E0300497DD2 /* bass_010.txt in Resources */,
				3BA5D28415445E0300497DD2 /* bass_100.txt in Resources */,
				2ED5C2BE1544687F00F835D1 /* beatsalad-background.png in Resources */,
				2ED5C2BF1544687F00F835D1 /* add_button.png in Resources */,
				2ED5C2C01544687F00F835D1 /* play_button.png in Resources */,
				2ED5C2C11544687F00F835D1 /* pause_button.png in Resources */,
				2ED5C2C21544687F00F835D1 /* close_button.png in Resources */,
				2ED5C2C31544687F00F835D1 /* percussion.png in Resources */,
				2ED5C2C41544687F00F835D1 /* bass.png in Resources */,
				2ED5C2C51544687F00F835D1 /* melody.png in Resources */,
				2ED5C2C61544687F00F835D1 /* hide_viz_image.png in Resources */,
				2ED5C2C71544687F00F835D1 /* show_viz_image.png in Resources */,
				2ED5C2C81544687F00F835D1 /* drums_icon.jpeg in Resources */,
				2ED5C2C91544687F00F835D1 /* note_icon.jpeg in Resources */,
				2ED5C2CA1544687F00F835D1 /* heart_icon.png in Resources */,
				2ED5C2CC1544689B00F835D1 /* Default.png in Resources */,
				2ED5C2D1154472ED00F835D1 /* current_tracks.png in Resources */,
				2ED5C2D41544778800F835D1 /* side-bar.png in Resources */,
				2ED5C2D61544794200F835D1 /* beatsalad-title.png in Resources */,
				2ED5C2D815447AE900F835D1 /* beatsalad-title-vert.png in Resources */,
			);
			runOnlyForDeploymentPostprocessing = 0;
		};
/* End PBXResourcesBuildPhase section */

/* Begin PBXSourcesBuildPhase section */
		2EDD8BAB1543140D00EE32D7 /* Sources */ = {
			isa = PBXSourcesBuildPhase;
			buildActionMask = 2147483647;
			files = (
				2EDD8BC01543140D00EE32D7 /* main.m in Sources */,
				2EDD8BC41543140D00EE32D7 /* AppDelegate.m in Sources */,
				2EDD8BCD1543140D00EE32D7 /* ViewController.m in Sources */,
				2EDA41CB154316CA001A8F16 /* VideoCaptureViewController.m in Sources */,
				3B75FFDF15432A940078635B /* VisualizationViewController.m in Sources */,
				3B75FFE415432E9B0078635B /* Track.m in Sources */,
				3B75FFEB15433E3C0078635B /* VisualizationView.m in Sources */,
				2EDA41D81543421B001A8F16 /* BSPixel.c in Sources */,
				2EDA41E01543487F001A8F16 /* CaptureSummary.m in Sources */,
				2EDA41E315435375001A8F16 /* TrackManager.m in Sources */,
				3B75FFFE1543631A0078635B /* AudioManager.m in Sources */,
				2E3B90B11543A97C00CFCDA0 /* BSProgressView.m in Sources */,
				2E3F33FA1543FB01003C1432 /* ChannelPickerView.m in Sources */,
				2EB64D53154424C500496A66 /* VisualizationHostView.m in Sources */,
				2ED5C2CF154468F000F835D1 /* SplashViewController.m in Sources */,
			);
			runOnlyForDeploymentPostprocessing = 0;
		};
/* End PBXSourcesBuildPhase section */

/* Begin PBXVariantGroup section */
		2EDD8BBC1543140D00EE32D7 /* InfoPlist.strings */ = {
			isa = PBXVariantGroup;
			children = (
				2EDD8BBD1543140D00EE32D7 /* en */,
			);
			name = InfoPlist.strings;
			sourceTree = "<group>";
		};
		2EDD8BC51543140D00EE32D7 /* MainStoryboard_iPhone.storyboard */ = {
			isa = PBXVariantGroup;
			children = (
				2EDD8BC61543140D00EE32D7 /* en */,
			);
			name = MainStoryboard_iPhone.storyboard;
			sourceTree = "<group>";
		};
		2EDD8BC81543140D00EE32D7 /* MainStoryboard_iPad.storyboard */ = {
			isa = PBXVariantGroup;
			children = (
				2EDD8BC91543140D00EE32D7 /* en */,
			);
			name = MainStoryboard_iPad.storyboard;
			sourceTree = "<group>";
		};
/* End PBXVariantGroup section */

/* Begin XCBuildConfiguration section */
		2EDD8BCE1543140D00EE32D7 /* Debug */ = {
			isa = XCBuildConfiguration;
			buildSettings = {
				ALWAYS_SEARCH_USER_PATHS = NO;
				ARCHS = "$(ARCHS_STANDARD_32_BIT)";
				CLANG_ENABLE_OBJC_ARC = YES;
				"CODE_SIGN_IDENTITY[sdk=iphoneos*]" = "iPhone Developer";
				COPY_PHASE_STRIP = NO;
				GCC_C_LANGUAGE_STANDARD = gnu99;
				GCC_DYNAMIC_NO_PIC = NO;
				GCC_OPTIMIZATION_LEVEL = 0;
				GCC_PREPROCESSOR_DEFINITIONS = (
					"DEBUG=1",
					"$(inherited)",
				);
				GCC_SYMBOLS_PRIVATE_EXTERN = NO;
				GCC_VERSION = com.apple.compilers.llvm.clang.1_0;
				GCC_WARN_ABOUT_RETURN_TYPE = YES;
				GCC_WARN_UNINITIALIZED_AUTOS = YES;
				GCC_WARN_UNUSED_VARIABLE = YES;
				IPHONEOS_DEPLOYMENT_TARGET = 5.1;
				SDKROOT = iphoneos;
				TARGETED_DEVICE_FAMILY = "1,2";
			};
			name = Debug;
		};
		2EDD8BCF1543140D00EE32D7 /* Release */ = {
			isa = XCBuildConfiguration;
			buildSettings = {
				ALWAYS_SEARCH_USER_PATHS = NO;
				ARCHS = "$(ARCHS_STANDARD_32_BIT)";
				CLANG_ENABLE_OBJC_ARC = YES;
				"CODE_SIGN_IDENTITY[sdk=iphoneos*]" = "iPhone Developer";
				COPY_PHASE_STRIP = YES;
				GCC_C_LANGUAGE_STANDARD = gnu99;
				GCC_VERSION = com.apple.compilers.llvm.clang.1_0;
				GCC_WARN_ABOUT_RETURN_TYPE = YES;
				GCC_WARN_UNINITIALIZED_AUTOS = YES;
				GCC_WARN_UNUSED_VARIABLE = YES;
				IPHONEOS_DEPLOYMENT_TARGET = 5.1;
				OTHER_CFLAGS = "-DNS_BLOCK_ASSERTIONS=1";
				SDKROOT = iphoneos;
				TARGETED_DEVICE_FAMILY = "1,2";
				VALIDATE_PRODUCT = YES;
			};
			name = Release;
		};
		2EDD8BD11543140D00EE32D7 /* Debug */ = {
			isa = XCBuildConfiguration;
			buildSettings = {
				GCC_PRECOMPILE_PREFIX_HEADER = YES;
				GCC_PREFIX_HEADER = "beatsalad/beatsalad-Prefix.pch";
				INFOPLIST_FILE = "beatsalad/beatsalad-Info.plist";
				PRODUCT_NAME = "$(TARGET_NAME)";
				WRAPPER_EXTENSION = app;
			};
			name = Debug;
		};
		2EDD8BD21543140D00EE32D7 /* Release */ = {
			isa = XCBuildConfiguration;
			buildSettings = {
				GCC_PRECOMPILE_PREFIX_HEADER = YES;
				GCC_PREFIX_HEADER = "beatsalad/beatsalad-Prefix.pch";
				INFOPLIST_FILE = "beatsalad/beatsalad-Info.plist";
				PRODUCT_NAME = "$(TARGET_NAME)";
				WRAPPER_EXTENSION = app;
			};
			name = Release;
		};
/* End XCBuildConfiguration section */

/* Begin XCConfigurationList section */
		2EDD8BA91543140D00EE32D7 /* Build configuration list for PBXProject "beatsalad" */ = {
			isa = XCConfigurationList;
			buildConfigurations = (
				2EDD8BCE1543140D00EE32D7 /* Debug */,
				2EDD8BCF1543140D00EE32D7 /* Release */,
			);
			defaultConfigurationIsVisible = 0;
			defaultConfigurationName = Release;
		};
		2EDD8BD01543140D00EE32D7 /* Build configuration list for PBXNativeTarget "beatsalad" */ = {
			isa = XCConfigurationList;
			buildConfigurations = (
				2EDD8BD11543140D00EE32D7 /* Debug */,
				2EDD8BD21543140D00EE32D7 /* Release */,
			);
			defaultConfigurationIsVisible = 0;
			defaultConfigurationName = Release;
		};
/* End XCConfigurationList section */
	};
	rootObject = 2EDD8BA61543140D00EE32D7 /* Project object */;
}
